
Microsoft Visual Studio Solution File, Format Version 12.00
# Visual Studio 15
VisualStudioVersion = 15.0.28307.572
MinimumVisualStudioVersion = 10.0.40219.1
Project("{9A19103F-16F7-4668-BE54-9A1E7A4F7556}") = "IdentityServer4", "IdentityServer4\src\IdentityServer4.csproj", "{E786CA5A-28BF-4A36-AD87-C00BDF27516A}"
EndProject
Project("{9A19103F-16F7-4668-BE54-9A1E7A4F7556}") = "Host", "IdentityServer4\host\Host.csproj", "{A4236AD3-4923-49EE-BC1E-28D6449FC793}"
EndProject
Project("{9A19103F-16F7-4668-BE54-9A1E7A4F7556}") = "IdentityServer4.Storage", "Storage\src\IdentityServer4.Storage.csproj", "{88E70F4C-C643-40C8-9192-4794D5FFD9D5}"
EndProject
Project("{2150E333-8FDC-42A3-9474-1A3956D46DE8}") = "Samples", "Samples", "{E8E3BE68-208F-4C59-9A7D-C63FF3A509FC}"
EndProject
Project("{2150E333-8FDC-42A3-9474-1A3956D46DE8}") = "ClientCredentials", "ClientCredentials", "{1A21B072-BD7B-4AF4-BAF5-3741532911F9}"
EndProject
Project("{FAE04EC0-301F-11D3-BF4B-00C04F79EFBC}") = "IdentityServer.Samples.ClientCredential.Api", "Samples\IdentityServer.Samples.ClientCredential.Api\IdentityServer.Samples.ClientCredential.Api.csproj", "{9F07F0F2-6A73-45C6-A230-28A70A297A2B}"
EndProject
Project("{FAE04EC0-301F-11D3-BF4B-00C04F79EFBC}") = "IdentityServer.Samples.ClientCredential.Server", "Samples\IdentityServer.Samples.ClientCredential.Server\IdentityServer.Samples.ClientCredential.Server.csproj", "{5D82BBD8-EEC9-401B-ACCD-6E6E4EE8E915}"
EndProject
Project("{FAE04EC0-301F-11D3-BF4B-00C04F79EFBC}") = "IdentityServer.Samples.ClientCredential.Client", "Samples\IdentityServer.Samples.ClientCredential.Client\IdentityServer.Samples.ClientCredential.Client.csproj", "{10C8103C-5EFE-4DF0-A6D6-0B69D35A2B84}"
EndProject
Project("{2150E333-8FDC-42A3-9474-1A3956D46DE8}") = "ResourceOwnerClient", "ResourceOwnerClient", "{BD9833C7-3B1D-49AD-BCE0-B4C827411ADF}"
EndProject
Project("{FAE04EC0-301F-11D3-BF4B-00C04F79EFBC}") = "IdentityServer.Samples.ResourceOwnerClient.Api", "Samples\IdentityServer.Samples.ResourceOwnerClient.Api\IdentityServer.Samples.ResourceOwnerClient.Api.csproj", "{0CFA2AD7-AD09-48E9-90DD-A0B01FBE0774}"
EndProject
Project("{FAE04EC0-301F-11D3-BF4B-00C04F79EFBC}") = "IdentityServer.Samples.ResourceOwnerClient.Server", "Samples\IdentityServer.Samples.ResourceOwnerClient.Server\IdentityServer.Samples.ResourceOwnerClient.Server.csproj", "{86BC9EB3-E548-4157-BAC3-0B12C09C6DC6}"
EndProject
Project("{FAE04EC0-301F-11D3-BF4B-00C04F79EFBC}") = "IdentityServer.Samples.ResourceOwnerClient.Client", "Samples\IdentityServer.Samples.ResourceOwnerClient.Client\IdentityServer.Samples.ResourceOwnerClient.Client.csproj", "{52379865-F52F-483F-96A4-DCE0C75697A7}"
EndProject
Project("{2150E333-8FDC-42A3-9474-1A3956D46DE8}") = "EntifyFramework", "EntifyFramework", "{1F60D497-02B3-4A07-946B-98C3688F32C8}"
EndProject
Project("{FAE04EC0-301F-11D3-BF4B-00C04F79EFBC}") = "IdentityServer.Samples.EntityFrameworkTry", "Samples\IdentityServer.Samples.EntityFrameworkTry\IdentityServer.Samples.EntityFrameworkTry.csproj", "{093D6FE8-0F36-448B-B40D-DC7484492612}"
EndProject
Global
	GlobalSection(SolutionConfigurationPlatforms) = preSolution
		Debug|Any CPU = Debug|Any CPU
		Release|Any CPU = Release|Any CPU
	EndGlobalSection
	GlobalSection(ProjectConfigurationPlatforms) = postSolution
		{E786CA5A-28BF-4A36-AD87-C00BDF27516A}.Debug|Any CPU.ActiveCfg = Debug|Any CPU
		{E786CA5A-28BF-4A36-AD87-C00BDF27516A}.Debug|Any CPU.Build.0 = Debug|Any CPU
		{E786CA5A-28BF-4A36-AD87-C00BDF27516A}.Release|Any CPU.ActiveCfg = Release|Any CPU
		{E786CA5A-28BF-4A36-AD87-C00BDF27516A}.Release|Any CPU.Build.0 = Release|Any CPU
		{A4236AD3-4923-49EE-BC1E-28D6449FC793}.Debug|Any CPU.ActiveCfg = Debug|Any CPU
		{A4236AD3-4923-49EE-BC1E-28D6449FC793}.Debug|Any CPU.Build.0 = Debug|Any CPU
		{A4236AD3-4923-49EE-BC1E-28D6449FC793}.Release|Any CPU.ActiveCfg = Release|Any CPU
		{A4236AD3-4923-49EE-BC1E-28D6449FC793}.Release|Any CPU.Build.0 = Release|Any CPU
		{88E70F4C-C643-40C8-9192-4794D5FFD9D5}.Debug|Any CPU.ActiveCfg = Debug|Any CPU
		{88E70F4C-C643-40C8-9192-4794D5FFD9D5}.Debug|Any CPU.Build.0 = Debug|Any CPU
		{88E70F4C-C643-40C8-9192-4794D5FFD9D5}.Release|Any CPU.ActiveCfg = Release|Any CPU
		{88E70F4C-C643-40C8-9192-4794D5FFD9D5}.Release|Any CPU.Build.0 = Release|Any CPU
		{9F07F0F2-6A73-45C6-A230-28A70A297A2B}.Debug|Any CPU.ActiveCfg = Debug|Any CPU
		{9F07F0F2-6A73-45C6-A230-28A70A297A2B}.Debug|Any CPU.Build.0 = Debug|Any CPU
		{9F07F0F2-6A73-45C6-A230-28A70A297A2B}.Release|Any CPU.ActiveCfg = Release|Any CPU
		{9F07F0F2-6A73-45C6-A230-28A70A297A2B}.Release|Any CPU.Build.0 = Release|Any CPU
		{5D82BBD8-EEC9-401B-ACCD-6E6E4EE8E915}.Debug|Any CPU.ActiveCfg = Debug|Any CPU
		{5D82BBD8-EEC9-401B-ACCD-6E6E4EE8E915}.Debug|Any CPU.Build.0 = Debug|Any CPU
		{5D82BBD8-EEC9-401B-ACCD-6E6E4EE8E915}.Release|Any CPU.ActiveCfg = Release|Any CPU
		{5D82BBD8-EEC9-401B-ACCD-6E6E4EE8E915}.Release|Any CPU.Build.0 = Release|Any CPU
		{10C8103C-5EFE-4DF0-A6D6-0B69D35A2B84}.Debug|Any CPU.ActiveCfg = Debug|Any CPU
		{10C8103C-5EFE-4DF0-A6D6-0B69D35A2B84}.Debug|Any CPU.Build.0 = Debug|Any CPU
		{10C8103C-5EFE-4DF0-A6D6-0B69D35A2B84}.Release|Any CPU.ActiveCfg = Release|Any CPU
		{10C8103C-5EFE-4DF0-A6D6-0B69D35A2B84}.Release|Any CPU.Build.0 = Release|Any CPU
		{0CFA2AD7-AD09-48E9-90DD-A0B01FBE0774}.Debug|Any CPU.ActiveCfg = Debug|Any CPU
		{0CFA2AD7-AD09-48E9-90DD-A0B01FBE0774}.Debug|Any CPU.Build.0 = Debug|Any CPU
		{0CFA2AD7-AD09-48E9-90DD-A0B01FBE0774}.Release|Any CPU.ActiveCfg = Release|Any CPU
		{0CFA2AD7-AD09-48E9-90DD-A0B01FBE0774}.Release|Any CPU.Build.0 = Release|Any CPU
		{86BC9EB3-E548-4157-BAC3-0B12C09C6DC6}.Debug|Any CPU.ActiveCfg = Debug|Any CPU
		{86BC9EB3-E548-4157-BAC3-0B12C09C6DC6}.Debug|Any CPU.Build.0 = Debug|Any CPU
		{86BC9EB3-E548-4157-BAC3-0B12C09C6DC6}.Release|Any CPU.ActiveCfg = Release|Any CPU
		{86BC9EB3-E548-4157-BAC3-0B12C09C6DC6}.Release|Any CPU.Build.0 = Release|Any CPU
		{52379865-F52F-483F-96A4-DCE0C75697A7}.Debug|Any CPU.ActiveCfg = Debug|Any CPU
		{52379865-F52F-483F-96A4-DCE0C75697A7}.Debug|Any CPU.Build.0 = Debug|Any CPU
		{52379865-F52F-483F-96A4-DCE0C75697A7}.Release|Any CPU.ActiveCfg = Release|Any CPU
		{52379865-F52F-483F-96A4-DCE0C75697A7}.Release|Any CPU.Build.0 = Release|Any CPU
		{093D6FE8-0F36-448B-B40D-DC7484492612}.Debug|Any CPU.ActiveCfg = Debug|Any CPU
		{093D6FE8-0F36-448B-B40D-DC7484492612}.Debug|Any CPU.Build.0 = Debug|Any CPU
		{093D6FE8-0F36-448B-B40D-DC7484492612}.Release|Any CPU.ActiveCfg = Release|Any CPU
		{093D6FE8-0F36-448B-B40D-DC7484492612}.Release|Any CPU.Build.0 = Release|Any CPU
	EndGlobalSection
	GlobalSection(SolutionProperties) = preSolution
		HideSolutionNode = FALSE
	EndGlobalSection
	GlobalSection(ExtensibilityGlobals) = postSolution
		SolutionGuid = {B0663EDC-F3E2-41BF-A7EE-E928C2374CF5}
	EndGlobalSection
	GlobalSection(NestedProjects) = preSolution
		{1A21B072-BD7B-4AF4-BAF5-3741532911F9} = {E8E3BE68-208F-4C59-9A7D-C63FF3A509FC}
		{9F07F0F2-6A73-45C6-A230-28A70A297A2B} = {1A21B072-BD7B-4AF4-BAF5-3741532911F9}
		{5D82BBD8-EEC9-401B-ACCD-6E6E4EE8E915} = {1A21B072-BD7B-4AF4-BAF5-3741532911F9}
		{10C8103C-5EFE-4DF0-A6D6-0B69D35A2B84} = {1A21B072-BD7B-4AF4-BAF5-3741532911F9}
		{BD9833C7-3B1D-49AD-BCE0-B4C827411ADF} = {E8E3BE68-208F-4C59-9A7D-C63FF3A509FC}
		{0CFA2AD7-AD09-48E9-90DD-A0B01FBE0774} = {BD9833C7-3B1D-49AD-BCE0-B4C827411ADF}
		{86BC9EB3-E548-4157-BAC3-0B12C09C6DC6} = {BD9833C7-3B1D-49AD-BCE0-B4C827411ADF}
		{52379865-F52F-483F-96A4-DCE0C75697A7} = {BD9833C7-3B1D-49AD-BCE0-B4C827411ADF}
		{1F60D497-02B3-4A07-946B-98C3688F32C8} = {E8E3BE68-208F-4C59-9A7D-C63FF3A509FC}
		{093D6FE8-0F36-448B-B40D-DC7484492612} = {1F60D497-02B3-4A07-946B-98C3688F32C8}
	EndGlobalSection
EndGlobal
